# This file is autogenerated, do not edit; changes may be undone by the next 'dep ensure'.


[[projects]]
  name = "github.com/Bit-Nation/panthalassa"
  packages = [
    "crypto/aes",
    "crypto/scrypt",
    "dapp",
    "dapp/module",
    "dapp/module/logger",
    "dapp/module/react",
    "dapp/module/uuidv4",
    "dapp/registry",
    "dapp/registry/pb"
  ]
  revision = "169ca35f6441b5efafe9a95c32aa61393035a904"
  version = "3.4.0"

[[projects]]
  branch = "master"
  name = "github.com/agl/ed25519"
  packages = [
    ".",
    "edwards25519",
    "extra25519"
  ]
  revision = "5312a61534124124185d41f09206b9fef1d88403"

[[projects]]
  branch = "master"
  name = "github.com/btcsuite/btcd"
  packages = ["btcec"]
  revision = "86fed781132ac890ee03e906e4ecd5d6fa180c64"

[[projects]]
  branch = "master"
  name = "github.com/chzyer/readline"
  packages = ["."]
  revision = "2972be24d48e78746da79ba8e24e8b488c9880de"

[[projects]]
  name = "github.com/coreos/go-semver"
  packages = ["semver"]
  revision = "8ab6407b697782a06568d4b7f1db25550ec2e4c6"
  version = "v0.2.0"

[[projects]]
  name = "github.com/davecgh/go-spew"
  packages = ["spew"]
  revision = "346938d642f2ec3594ed81d874461961cd0faa76"
  version = "v1.1.0"

[[projects]]
  name = "github.com/gogo/protobuf"
  packages = ["proto"]
  revision = "1adfc126b41513cc696b209667c8656ea7aac67c"
  version = "v1.0.0"

[[projects]]
  name = "github.com/golang/protobuf"
  packages = ["proto"]
  revision = "b4deda0973fb4c70b50d226b1af49f3da59f5265"
  version = "v1.1.0"

[[projects]]
  name = "github.com/gorilla/websocket"
  packages = ["."]
  revision = "ea4d1f681babbce9545c9c5f3d5194a789c89f5b"
  version = "v1.2.0"

[[projects]]
  branch = "master"
  name = "github.com/ipfs/go-log"
  packages = [
    ".",
    "tracer",
    "tracer/wire",
    "writer"
  ]
  revision = "5dc2060baaf8db344f31dafd852340b93811d03f"

[[projects]]
  branch = "master"
  name = "github.com/jbenet/goprocess"
  packages = ["."]
  revision = "b497e2f366b8624394fb2e89c10ab607bebdde0b"

[[projects]]
  branch = "master"
  name = "github.com/juju/ansiterm"
  packages = [
    ".",
    "tabwriter"
  ]
  revision = "720a0952cc2ac777afc295d9861263e2a4cf96a1"

[[projects]]
  branch = "master"
  name = "github.com/libp2p/go-libp2p-crypto"
  packages = [
    ".",
    "pb"
  ]
  revision = "18915b5467c77ad8c07a35328c2cab468667a4e8"

[[projects]]
  branch = "master"
  name = "github.com/libp2p/go-libp2p-host"
  packages = ["."]
  revision = "492c6c2bd43e15964cd2d7bdcb9678a156438088"

[[projects]]
  branch = "master"
  name = "github.com/libp2p/go-libp2p-interface-connmgr"
  packages = ["."]
  revision = "557c373b457edf3d2666d6bbd24efec9e4792afa"

[[projects]]
  branch = "master"
  name = "github.com/libp2p/go-libp2p-net"
  packages = ["."]
  revision = "a2b01710790f0781c42bf573b8487f2ef69b5895"

[[projects]]
  branch = "master"
  name = "github.com/libp2p/go-libp2p-peer"
  packages = ["."]
  revision = "e8858116ad7f0a54dfc2bb6af554f2024221d19c"

[[projects]]
  branch = "master"
  name = "github.com/libp2p/go-libp2p-peerstore"
  packages = [
    ".",
    "addr"
  ]
  revision = "8363aa9ac6cb93e6164037198b2b6a8239c7d4fe"

[[projects]]
  branch = "master"
  name = "github.com/libp2p/go-libp2p-protocol"
  packages = ["."]
  revision = "b29f3d97e3a2fb8b29c5d04290e6cb5c5018004b"

[[projects]]
  branch = "master"
  name = "github.com/libp2p/go-msgio"
  packages = [
    ".",
    "mpool"
  ]
  revision = "d82125c9907e1365775356505f14277d47dfd4d6"

[[projects]]
  branch = "master"
  name = "github.com/libp2p/go-stream-muxer"
  packages = ["."]
  revision = "9c6bd93eecbbab56630bb2688bb435d9fd1dfeb1"

[[projects]]
  branch = "master"
  name = "github.com/lunixbochs/vtclean"
  packages = ["."]
  revision = "d14193dfc626125c831501c1c42340b4248e1f5a"

[[projects]]
  name = "github.com/manifoldco/promptui"
  packages = [
    ".",
    "list",
    "screenbuf"
  ]
  revision = "3dd80c00b7cb0bc779d1c204da6f3ae0fa6a4eee"
  version = "v0.3.0"

[[projects]]
  name = "github.com/mattn/go-colorable"
  packages = ["."]
  revision = "167de6bfdfba052fa6b2d3664c8f5272e23c9072"
  version = "v0.0.9"

[[projects]]
  name = "github.com/mattn/go-isatty"
  packages = ["."]
  revision = "0360b2af4f38e8d38c7fce2a9f4e702702d73a39"
  version = "v0.0.3"

[[projects]]
  name = "github.com/mdp/qrterminal"
  packages = ["."]
  revision = "bd37d7b62c3e19529343c3426e649b300d3102f8"
  version = "v0.1.2"

[[projects]]
  branch = "master"
  name = "github.com/mdp/rsc"
  packages = [
    "gf256",
    "qr",
    "qr/coding"
  ]
  revision = "90f07065088deccf50b28eb37c93dad3078c0f3c"

[[projects]]
  branch = "master"
  name = "github.com/minio/sha256-simd"
  packages = ["."]
  revision = "ad98a36ba0da87206e3378c556abbfeaeaa98668"

[[projects]]
  branch = "master"
  name = "github.com/mr-tron/base58"
  packages = ["base58"]
  revision = "c1bdf7c52f59d6685ca597b9955a443ff95eeee6"

[[projects]]
  name = "github.com/multiformats/go-multiaddr"
  packages = ["."]
  revision = "b90678896b52c3e5a4c8176805c6facc3fe3eb82"
  version = "0.1.2"

[[projects]]
  branch = "master"
  name = "github.com/multiformats/go-multiaddr-net"
  packages = ["."]
  revision = "8792ba0a888d6a2415cfa765e4d06d897eaeb19a"

[[projects]]
  branch = "master"
  name = "github.com/multiformats/go-multicodec"
  packages = [
    ".",
    "protobuf"
  ]
  revision = "4dd9766b3ba78ea1a9807f0cd199d6c383a7ae5f"

[[projects]]
  name = "github.com/multiformats/go-multihash"
  packages = ["."]
  revision = "bdcf2980a789f55c97d548fdfa727f8fb19684ba"
  version = "0.1.0"

[[projects]]
  branch = "master"
  name = "github.com/multiformats/go-multistream"
  packages = ["."]
  revision = "aea59cd120a7f60ed64cc98ffc1af2e6a84c470f"

[[projects]]
  name = "github.com/op/go-logging"
  packages = ["."]
  revision = "b2cb9fa56473e98db8caba80237377e83fe44db5"
  version = "v1"

[[projects]]
  name = "github.com/opentracing/opentracing-go"
  packages = [
    ".",
    "ext",
    "log"
  ]
  revision = "1949ddbfd147afd4d964a9f00b24eb291e0e7c38"
  version = "v1.0.2"

[[projects]]
  name = "github.com/pmezard/go-difflib"
  packages = ["difflib"]
  revision = "792786c7400a136282c1664665ae0a8db921c6c2"
  version = "v1.0.0"

[[projects]]
  name = "github.com/radovskyb/watcher"
  packages = ["."]
  revision = "6145e1439b9de93806925353403f91d2abbad8a5"
  version = "v1.0.2"

[[projects]]
  name = "github.com/robertkrimen/otto"
  packages = [
    ".",
    "ast",
    "dbg",
    "file",
    "parser",
    "registry",
    "token"
  ]
  revision = "15f95af6e78dcd2030d8195a138bd88d4f403546"

[[projects]]
  name = "github.com/satori/go.uuid"
  packages = ["."]
  revision = "f58768cc1a7a7e77a3bd49e98cdd21419399b6a3"
  version = "v1.2.0"

[[projects]]
  name = "github.com/stretchr/testify"
  packages = [
    "assert",
    "require"
  ]
  revision = "f35b8ab0b5a2cef36673838d662e249dd9c94686"
  version = "v1.2.2"

[[projects]]
  name = "github.com/urfave/cli"
  packages = ["."]
  revision = "cfb38830724cc34fedffe9a2a29fb54fa9169cd1"
  version = "v1.20.0"

[[projects]]
  branch = "master"
  name = "github.com/whyrusleeping/go-logging"
  packages = ["."]
  revision = "0457bb6b88fc1973573aaf6b5145d8d3ae972390"

[[projects]]
  branch = "master"
  name = "github.com/whyrusleeping/mafmt"
  packages = ["."]
  revision = "794419fbc8492a4d5b7ba38b58c2bb47d9e37eaa"

[[projects]]
  branch = "master"
  name = "golang.org/x/crypto"
  packages = [
    "ed25519",
    "ed25519/internal/edwards25519",
    "pbkdf2",
    "scrypt"
  ]
  revision = "027cca12c2d63e3d62b670d901e8a2c95854feec"

[[projects]]
  branch = "master"
  name = "golang.org/x/net"
  packages = ["context"]
  revision = "db08ff08e8622530d9ed3a0e8ac279f6d4c02196"

[[projects]]
  branch = "master"
  name = "golang.org/x/sys"
  packages = ["unix"]
  revision = "6c888cc515d3ed83fc103cf1d84468aad274b0a7"

[[projects]]
  name = "gopkg.in/sourcemap.v1"
  packages = [
    ".",
    "base64vlq"
  ]
  revision = "6e83acea0053641eff084973fee085f0c193c61a"
  version = "v1.0.5"

[solve-meta]
  analyzer-name = "dep"
  analyzer-version = 1
  inputs-digest = "ef47d39ee0ca36cd08dc0acdd2ea0c376b856d33ad3fc796296b733c5fdda28a"
  solver-name = "gps-cdcl"
  solver-version = 1
